
Microsoft Visual Studio Solution File, Format Version 12.00
# Visual Studio Version 17
VisualStudioVersion = 17.13.35931.197 d17.13
MinimumVisualStudioVersion = 10.0.40219.1
Project("{FAE04EC0-301F-11D3-BF4B-00C04F79EFBC}") = "SystemPortal.Api", "SystemPortal.Api\SystemPortal.Api.csproj", "{2A60DC3C-8C1F-4D8E-8675-A515EBCA08A0}"
EndProject
Project("{FAE04EC0-301F-11D3-BF4B-00C04F79EFBC}") = "SystemPortal.Services", "SystemPortal.Services\SystemPortal.Services.csproj", "{16C5AEB0-622B-4ABE-AE96-8531E3860ABC}"
EndProject
Project("{FAE04EC0-301F-11D3-BF4B-00C04F79EFBC}") = "SystemPortal.Data", "SystemPortal.Data\SystemPortal.Data.csproj", "{975EFF3D-015E-46DF-B6E2-430BED83CFB2}"
EndProject
Project("{FAE04EC0-301F-11D3-BF4B-00C04F79EFBC}") = "SystemPortal.Repository", "SystemPortal.Repository\SystemPortal.Repository.csproj", "{C2418808-421A-4740-96F4-39934C1062DD}"
EndProject
Global
	GlobalSection(SolutionConfigurationPlatforms) = preSolution
		Debug|Any CPU = Debug|Any CPU
		Release|Any CPU = Release|Any CPU
	EndGlobalSection
	GlobalSection(ProjectConfigurationPlatforms) = postSolution
		{2A60DC3C-8C1F-4D8E-8675-A515EBCA08A0}.Debug|Any CPU.ActiveCfg = Debug|Any CPU
		{2A60DC3C-8C1F-4D8E-8675-A515EBCA08A0}.Debug|Any CPU.Build.0 = Debug|Any CPU
		{2A60DC3C-8C1F-4D8E-8675-A515EBCA08A0}.Release|Any CPU.ActiveCfg = Release|Any CPU
		{2A60DC3C-8C1F-4D8E-8675-A515EBCA08A0}.Release|Any CPU.Build.0 = Release|Any CPU
		{16C5AEB0-622B-4ABE-AE96-8531E3860ABC}.Debug|Any CPU.ActiveCfg = Debug|Any CPU
		{16C5AEB0-622B-4ABE-AE96-8531E3860ABC}.Debug|Any CPU.Build.0 = Debug|Any CPU
		{16C5AEB0-622B-4ABE-AE96-8531E3860ABC}.Release|Any CPU.ActiveCfg = Release|Any CPU
		{16C5AEB0-622B-4ABE-AE96-8531E3860ABC}.Release|Any CPU.Build.0 = Release|Any CPU
		{975EFF3D-015E-46DF-B6E2-430BED83CFB2}.Debug|Any CPU.ActiveCfg = Debug|Any CPU
		{975EFF3D-015E-46DF-B6E2-430BED83CFB2}.Debug|Any CPU.Build.0 = Debug|Any CPU
		{975EFF3D-015E-46DF-B6E2-430BED83CFB2}.Release|Any CPU.ActiveCfg = Release|Any CPU
		{975EFF3D-015E-46DF-B6E2-430BED83CFB2}.Release|Any CPU.Build.0 = Release|Any CPU
		{C2418808-421A-4740-96F4-39934C1062DD}.Debug|Any CPU.ActiveCfg = Debug|Any CPU
		{C2418808-421A-4740-96F4-39934C1062DD}.Debug|Any CPU.Build.0 = Debug|Any CPU
		{C2418808-421A-4740-96F4-39934C1062DD}.Release|Any CPU.ActiveCfg = Release|Any CPU
		{C2418808-421A-4740-96F4-39934C1062DD}.Release|Any CPU.Build.0 = Release|Any CPU
	EndGlobalSection
	GlobalSection(SolutionProperties) = preSolution
		HideSolutionNode = FALSE
	EndGlobalSection
	GlobalSection(ExtensibilityGlobals) = postSolution
		SolutionGuid = {C1911B00-2858-4360-9A55-62664D4432BD}
	EndGlobalSection
EndGlobal
